{
  "name": "totp",
  "version": "1.0.0",
  "lockfileVersion": 1,
  "requires": true,
  "dependencies": {
    "otplib": {
      "version": "10.2.2",
      "resolved": "https://registry.npmjs.org/otplib/-/otplib-10.2.2.tgz",
      "integrity": "sha512-v6ZfKRHLdXKAxT43k0B4zXW+x5dCfMLLgzPcU1CwwUyMHFltD1DPl1EYdBMajnwZxihFuOmNzCk/xo5LD7U3aA==",
      "requires": {
        "thirty-two": "1.0.2"
      }
    },
    "thirty-two": {
      "version": "1.0.2",
      "resolved": "https://registry.npmjs.org/thirty-two/-/thirty-two-1.0.2.tgz",
      "integrity": "sha1-TKL//AKlEpDSdEueP1V2k8prYno="
    }
  }
}
