# THIS IS AN AUTOGENERATED FILE. DO NOT EDIT THIS FILE DIRECTLY.
# yarn lockfile v1


otplib@^10.2.2:
  version "10.2.2"
  resolved "https://registry.yarnpkg.com/otplib/-/otplib-10.2.2.tgz#951a5ab22f8c85ac64b843d40e79f1e69de1078f"
  dependencies:
    thirty-two "1.0.2"

thirty-two@1.0.2:
  version "1.0.2"
  resolved "https://registry.yarnpkg.com/thirty-two/-/thirty-two-1.0.2.tgz#4ca2fffc02a51290d2744b9e3f557693ca6b627a"
